dependencies:
- name: druid
  repository: file://../druid
  version: 0.10.0
- name: druid-operator
  repository: https://charts.deep.bi
  version: 0.4.0
- name: metrics-server
  repository: https://kubernetes-sigs.github.io/metrics-server
  version: 3.13.0
- name: minio
  repository: https://charts.bitnami.com/bitnami
  version: 17.0.21
- name: postgresql
  repository: https://charts.bitnami.com/bitnami
  version: 18.4.0
digest: sha256:a5596a8c48ee2e7fec3aa827c3bd1b61c85fe501d6c1d11b2135d424ef9b6396
generated: "2026-02-24T11:40:54.447419+01:00"
