dependencies:
- name: druid
  repository: file://../druid
  version: 0.12.1
- name: druid-operator
  repository: https://charts.deep.bi
  version: 0.4.2
- name: metrics-server
  repository: https://kubernetes-sigs.github.io/metrics-server
  version: 3.14.0
- name: minio
  repository: https://charts.bitnami.com/bitnami
  version: 17.0.21
- name: postgresql
  repository: https://charts.bitnami.com/bitnami
  version: 18.8.17
digest: sha256:191b55d86750f7a1206578d1fc20d952836aac9f707bae7665285343234fb65f
generated: "2026-09-04T14:25:01.438318+02:00"
