dependencies:
- name: druid
  repository: file://../druid
  version: 0.9.1-SNAPSHOT
- name: druid-operator
  repository: https://charts.deep.bi
  version: 0.4.0
- name: metrics-server
  repository: https://kubernetes-sigs.github.io/metrics-server
  version: 3.13.0
- name: minio
  repository: https://charts.bitnami.com/bitnami
  version: 17.0.21
- name: postgresql
  repository: https://charts.bitnami.com/bitnami
  version: 18.4.0
digest: sha256:58e6198b155fe49714308f39e8ad7c34874b4ede18f9d99cf9c61bcffd029cba
generated: "2026-02-24T11:37:59.898718+01:00"
